
Microsoft Visual Studio Solution File, Format Version 12.00
# Visual Studio 15
VisualStudioVersion = 15.0.28307.1062
MinimumVisualStudioVersion = 10.0.40219.1
Project("{FAE04EC0-301F-11D3-BF4B-00C04F79EFBC}") = "ClassLibrary1", "ClassLibrary1\ClassLibrary1.csproj", "{EB4CAD58-C1C5-48E0-B9CA-4B80909A3501}"
EndProject
Global
	GlobalSection(SolutionConfigurationPlatforms) = preSolution
		Debug|Any CPU = Debug|Any CPU
		Release|Any CPU = Release|Any CPU
	EndGlobalSection
	GlobalSection(ProjectConfigurationPlatforms) = postSolution
		{EB4CAD58-C1C5-48E0-B9CA-4B80909A3501}.Debug|Any CPU.ActiveCfg = Debug|Any CPU
		{EB4CAD58-C1C5-48E0-B9CA-4B80909A3501}.Debug|Any CPU.Build.0 = Debug|Any CPU
		{EB4CAD58-C1C5-48E0-B9CA-4B80909A3501}.Release|Any CPU.ActiveCfg = Release|Any CPU
		{EB4CAD58-C1C5-48E0-B9CA-4B80909A3501}.Release|Any CPU.Build.0 = Release|Any CPU
	EndGlobalSection
	GlobalSection(SolutionProperties) = preSolution
		HideSolutionNode = FALSE
	EndGlobalSection
	GlobalSection(ExtensibilityGlobals) = postSolution
		SolutionGuid = {65D661FC-D759-4D05-B5C7-9F06C3A7CD34}
	EndGlobalSection
EndGlobal
